
Microsoft Visual Studio Solution File, Format Version 12.00
# Visual Studio 15
VisualStudioVersion = 15.0.28010.2016
MinimumVisualStudioVersion = 10.0.40219.1
Project("{9A19103F-16F7-4668-BE54-9A1E7A4F7556}") = "FooBar", "FooBar\FooBar.csproj", "{282DD609-8344-4663-839D-F73A65F314EC}"
EndProject
Project("{FAE04EC0-301F-11D3-BF4B-00C04F79EFBC}") = "FooBarTest", "FooBarTest\FooBarTest.csproj", "{D19BB66D-5ED6-4CDB-9254-55021D9C35A3}"
EndProject
Global
	GlobalSection(SolutionConfigurationPlatforms) = preSolution
		Debug|Any CPU = Debug|Any CPU
		Release|Any CPU = Release|Any CPU
	EndGlobalSection
	GlobalSection(ProjectConfigurationPlatforms) = postSolution
		{282DD609-8344-4663-839D-F73A65F314EC}.Debug|Any CPU.ActiveCfg = Debug|Any CPU
		{282DD609-8344-4663-839D-F73A65F314EC}.Debug|Any CPU.Build.0 = Debug|Any CPU
		{282DD609-8344-4663-839D-F73A65F314EC}.Release|Any CPU.ActiveCfg = Release|Any CPU
		{282DD609-8344-4663-839D-F73A65F314EC}.Release|Any CPU.Build.0 = Release|Any CPU
		{D19BB66D-5ED6-4CDB-9254-55021D9C35A3}.Debug|Any CPU.ActiveCfg = Debug|Any CPU
		{D19BB66D-5ED6-4CDB-9254-55021D9C35A3}.Debug|Any CPU.Build.0 = Debug|Any CPU
		{D19BB66D-5ED6-4CDB-9254-55021D9C35A3}.Release|Any CPU.ActiveCfg = Release|Any CPU
		{D19BB66D-5ED6-4CDB-9254-55021D9C35A3}.Release|Any CPU.Build.0 = Release|Any CPU
	EndGlobalSection
	GlobalSection(SolutionProperties) = preSolution
		HideSolutionNode = FALSE
	EndGlobalSection
	GlobalSection(ExtensibilityGlobals) = postSolution
		SolutionGuid = {9197B711-0963-401B-A9EB-445CC66B4224}
	EndGlobalSection
EndGlobal
